#MicroXplorer Configuration settings - do not modify
PB13.GPIOParameters=GPIO_Label
RCC.USART1Freq_Value=108000000
PE11.GPIOParameters=GPIO_Label
SH.GPXTI14.0=GPIO_EXTI14
PG4.Signal=GPIO_Output
PG8.Signal=GPIO_Output
PG4.Locked=true
PG8.Locked=true
RCC.PLLCLKFreq_Value=216000000
PG0.Locked=true
PC12.Signal=SDMMC1_CK
PG6.GPIO_Label=EEPROM_ADDR0
RCC.PLLQCLKFreq_Value=48000000
PG0.Signal=GPIO_Input
PG3.GPIOParameters=GPIO_Label
PD8.Locked=true
PC6.GPIO_Label=MPIO_OUT8
PD0.Locked=true
PD4.Locked=true
USART1.IPParameters=VirtualMode-Asynchronous
PB13.Signal=GPIO_Output
PG2.GPIOParameters=GPIO_Label
PinOutPanel.RotationAngle=270
PE6.GPIO_Label=GPS_PPS
RCC.SYSCLKSource=RCC_SYSCLKSOURCE_PLLCLK
USART3.VirtualMode-Asynchronous=VM_ASYNC
RCC.LPTIM1Freq_Value=54000000
NVIC.SVCall_IRQn=true\:0\:0\:false\:false\:true\:false\:false
PD15.GPIOParameters=GPIO_Label
RCC.LCDTFTFreq_Value=96000000
I2C4.Timing=0x20404768
RCC.I2C4Freq_Value=54000000
PD4.Signal=GPIO_Output
RCC.APB2TimFreq_Value=216000000
PB6.Signal=CAN2_TX
PC7.Signal=USART6_RX
PH1/OSC_OUT.Signal=RCC_OSC_OUT
PB6.Mode=CAN_Activate
PD0.Signal=CAN1_RX
RCC.SAI2Freq_Value=192000000
PD8.Signal=USART3_TX
USART6.VirtualMode-Asynchronous=VM_ASYNC
PE5.Signal=GPIO_Input
PE10.Locked=true
PE1.Signal=GPIO_Output
PB13.Locked=true
RCC.USART3Freq_Value=54000000
RCC.PLLSAIRCLKFreq_Value=192000000
ProjectManager.ProjectBuild=false
NVIC.UsageFault_IRQn=true\:0\:0\:false\:false\:true\:false\:false
PB2.Signal=GPIO_Output
PB3.Mode=Trace_Asynchronous_SW
SH.ADCx_IN14.ConfNb=1
SH.ADCx_IN15.0=ADC1_IN15,IN15
PB12.GPIO_Label=MPIO_EN1
PG14.Mode=Asynchronous
PG1.GPIOParameters=GPIO_Label
ProjectManager.FirmwarePackage=STM32Cube FW_F7 V1.16.1
MxDb.Version=DB.6.0.21
PF12.GPIO_Label=DOUT_START_B
PE0.GPIOParameters=GPIO_Label
CAN3.Prescaler=12
ProjectManager.BackupPrevious=false
PE9.Signal=GPIO_Input
SH.ADCx_IN1.ConfNb=1
PE9.Locked=true
PB14.Mode=Asynchronous
PE4.GPIO_Label=P_SW6
PG4.GPIO_Label=EEPROM_ADDR2
SH.ADCx_IN8.0=ADC1_IN8,IN8
PF13.Locked=true
PC9.Mode=SD_4_bits_Wide_bus
PE2.Signal=GPIO_Output
PA8.Signal=CAN3_RX
SH.ADCx_IN4.ConfNb=1
PE1.Locked=true
PB6.Locked=true
NVIC.PendSV_IRQn=true\:0\:0\:false\:false\:true\:false\:false
CAN3.CalculateTimeQuantum=222.22222222222223
PE10.Signal=GPIO_Output
ProjectManager.HalAssertFull=false
ADC1.SamplingTime-0\#ChannelRegularConversion=ADC_SAMPLETIME_3CYCLES
RCC.MCO2PinFreq_Value=216000000
CAN1.Prescaler=12
Mcu.Package=LQFP144
PB9.Signal=GPIO_Output
RCC.SDMMCClockSelection=RCC_SDMMC1CLKSOURCE_CLK48
PB1.Signal=ADCx_IN9
NVIC.TimeBase=TIM1_UP_TIM10_IRQn
PD11.Locked=true
SH.ADCx_IN14.0=ADC1_IN14,IN14
PG5.GPIOParameters=GPIO_Label
PE10.GPIOParameters=GPIO_Label
PD12.Signal=I2C4_SCL
NVIC.TimeBaseIP=TIM1
USART3.IPParameters=VirtualMode-Asynchronous
RCC.DFSDMFreq_Value=108000000
PC11.Mode=SD_4_bits_Wide_bus
SH.ADCx_IN9.0=ADC1_IN9,IN9
SH.GPXTI14.ConfNb=1
RCC.APB2CLKDivider=RCC_HCLK_DIV2
RCC.CECFreq_Value=32786.88524590164
PF14.Signal=GPIO_Input
RCC.APB1TimFreq_Value=108000000
NVIC.BusFault_IRQn=true\:0\:0\:false\:false\:true\:false\:false
SH.ADCx_IN9.ConfNb=1
PE6.Locked=true
RCC.DFSDMAudioFreq_Value=192000000
PE10.GPIO_Label=MPIO_EN3
CAN1.CalculateTimeBit=3999.99
PD15.Signal=GPIO_Output
ProjectManager.CustomerFirmwarePackage=
RCC.PLLSAIQCLKFreq_Value=192000000
CAN1.CalculateTimeQuantum=222.22222222222223
Mcu.Pin80=PE0
Mcu.Pin81=PE1
CAN2.CalculateBaudRate=250000
RCC.PLLQoutputFreq_Value=48000000
ProjectManager.ProjectFileName=evfirmware-vms.ioc
ADC1.Rank-0\#ChannelRegularConversion=1
Mcu.Pin79=PB9
Mcu.PinsNb=83
Mcu.Pin73=PG14
SH.ADCx_IN6.0=ADC1_IN6,IN6
Mcu.Pin74=PB3
Mcu.Pin71=PG9
Mcu.Pin72=PG10
ADC1.IPParameters=Rank-0\#ChannelRegularConversion,master,Channel-0\#ChannelRegularConversion,SamplingTime-0\#ChannelRegularConversion,NbrOfConversionFlag
PG5.Locked=true
PG9.Locked=true
Mcu.Pin77=PB6
PG5.Signal=GPIO_Output
Mcu.Pin78=PB8
PG9.Signal=GPIO_Output
Mcu.Pin75=PB4
PG3.Locked=true
Mcu.Pin76=PB5
CAN1.IPParameters=CalculateTimeQuantum,CalculateTimeBit,CalculateBaudRate,Prescaler,BS1,BS2
CAN1.CalculateBaudRate=250000
CAN2.IPParameters=CalculateTimeQuantum,CalculateTimeBit,CalculateBaudRate,Prescaler,BS1,BS2
Mcu.Pin70=PD4
PC6.Signal=GPIO_Output
PD1.Signal=CAN1_TX
PF14.GPIO_Label=DIN_INV_ERR
Mcu.Pin68=PD1
Mcu.Pin69=PD2
RCC.UART8Freq_Value=54000000
RCC.APB1CLKDivider=RCC_HCLK_DIV4
PF13.GPIO_Label=MPIO_EN7
Mcu.Pin62=PA14
Mcu.Pin63=PA15
Mcu.Pin60=PA12
Mcu.Pin61=PA13
Mcu.Pin66=PC12
Mcu.Pin67=PD0
Mcu.Pin64=PC10
Mcu.Pin65=PC11
PG10.Signal=GPIO_Input
PG10.Locked=true
PD10.Signal=GPIO_Output
PF1.Mode=I2C
PB8.GPIO_Label=External_WDG_EN
Mcu.Pin59=PA8
Mcu.Pin57=PC8
Mcu.Pin58=PC9
Mcu.Pin51=PG5
RCC.USART6Freq_Value=108000000
Mcu.Pin52=PG6
SH.ADCx_IN7.0=ADC1_IN7,IN7
Mcu.Pin50=PG4
Mcu.Pin55=PC6
Mcu.Pin56=PC7
Mcu.Pin53=PG7
PE8.GPIO_Label=MPIO_OUT3
Mcu.Pin54=PG8
PC6.Locked=true
PB5.Locked=true
PB9.Locked=true
PE9.GPIO_Label=DIN_START_B
PD8.Mode=Asynchronous
Mcu.Pin48=PG2
Mcu.Pin49=PG3
Mcu.Pin46=PD14
Mcu.Pin47=PD15
PG6.GPIOParameters=GPIO_Label
PB14.Signal=USART1_TX
PA5.Signal=ADCx_IN5
Mcu.Pin40=PD8
Mcu.Pin41=PD9
Mcu.Pin44=PD12
PC12.Mode=SD_4_bits_Wide_bus
Mcu.Pin45=PD13
Mcu.Pin42=PD10
Mcu.Pin43=PD11
PE1.GPIO_Label=P_SW3
ProjectManager.LastFirmware=true
PD1.Mode=CAN_Activate
CAN3.CalculateTimeBit=3999.99
Mcu.Pin37=PB13
PB4.GPIO_Label=External_WDG_Trigger
Mcu.Pin38=PB14
Mcu.Pin35=PE11
RCC.I2C1Freq_Value=54000000
PE8.Signal=GPIO_Output
Mcu.Pin36=PB12
VP_SYS_VS_tim1.Signal=SYS_VS_tim1
RCC.PLLI2SPCLKFreq_Value=192000000
SH.ADCx_IN0.ConfNb=1
Mcu.Pin39=PB15
PG7.GPIO_Label=EEPROM_WP
RCC.RNGFreq_Value=48000000
Mcu.Pin30=PG1
RCC.EthernetFreq_Value=216000000
PF11.Locked=true
PF12.Locked=true
Mcu.Pin33=PE9
Mcu.Pin34=PE10
Mcu.Pin31=PE7
SH.ADCx_IN4.0=ADC1_IN4,IN4
Mcu.Pin32=PE8
NVIC.NonMaskableInt_IRQn=true\:0\:0\:false\:false\:true\:false\:false
PF13.Signal=GPIO_Output
PE7.Locked=true
PA13.Mode=Trace_Asynchronous_SW
ProjectManager.FreePins=false
RCC.PLLI2SQCLKFreq_Value=192000000
Mcu.Pin26=PF13
Mcu.Pin27=PF14
Mcu.Pin24=PF11
ProjectManager.UnderRoot=true
Mcu.Pin25=PF12
Mcu.Pin28=PF15
Mcu.Pin29=PG0
PC8.Mode=SD_4_bits_Wide_bus
PB4.Locked=true
PA4.Signal=ADCx_IN4
PD14.GPIOParameters=GPIO_Label
Mcu.Pin22=PB1
PB5.Signal=CAN2_RX
Mcu.Pin23=PB2
Mcu.Pin20=PC5
ADC1.master=1
Mcu.Pin21=PB0
PD12.Mode=I2C
PD10.Locked=true
NVIC.ForceEnableDMAVector=true
PD11.Signal=GPIO_Output
NVIC.MemoryManagement_IRQn=true\:0\:0\:false\:false\:true\:false\:false
PE5.GPIO_Label=GPS_FIX
ProjectManager.CompilerOptimize=6
PD15.Locked=true
ProjectManager.HeapSize=0x200
Mcu.Pin15=PA4
NVIC.HardFault_IRQn=true\:0\:0\:false\:false\:true\:false\:false
Mcu.Pin16=PA5
Mcu.Pin13=PA2
Mcu.Pin14=PA3
Mcu.Pin19=PC4
NVIC.TIM1_UP_TIM10_IRQn=true\:0\:0\:false\:false\:true\:false\:true
ProjectManager.ComputerToolchain=false
Mcu.Pin17=PA6
Mcu.Pin18=PA7
SH.ADCx_IN5.0=ADC1_IN5,IN5
NVIC.PriorityGroup=NVIC_PRIORITYGROUP_4
Mcu.Pin11=PA0/WKUP
Mcu.Pin12=PA1
PG0.GPIOParameters=GPIO_Label
Mcu.Pin10=PH1/OSC_OUT
PE3.Signal=GPIO_Output
PE2.Locked=true
PC15/OSC32_OUT.Signal=RCC_OSC32_OUT
PA8.Mode=CAN_Activate
SH.ADCx_IN5.ConfNb=1
PG3.GPIO_Label=MPIO_OUT5
PD2.Signal=SDMMC1_CMD
RCC.I2C2Freq_Value=54000000
RCC.SDMMC2Freq_Value=216000000
PD1.Locked=true
PB0.Signal=ADCx_IN8
PB12.GPIOParameters=GPIO_Label
PG7.GPIOParameters=GPIO_Label
PG10.GPIO_Label=External_WDG_Meas
NVIC.CAN1_RX0_IRQn=true\:5\:0\:true\:false\:true\:true\:true
Mcu.Family=STM32F7
ProjectManager.MainLocation=Core/Src
I2C2.IPParameters=Timing
RCC.SAI1Freq_Value=192000000
RCC.CortexFreq_Value=216000000
PG6.Signal=GPIO_Output
PG9.GPIOParameters=GPIO_Label
NVIC.CAN2_RX0_IRQn=true\:5\:0\:true\:false\:true\:true\:true
ProjectManager.KeepUserCode=true
Mcu.UserName=STM32F767ZITx
PG2.Signal=GPIO_Output
PE11.GPIO_Label=MPIO_OUT2
CAN2.CalculateTimeBit=3999.99
SH.ADCx_IN2.0=ADC1_IN2,IN2
PG6.Locked=true
PC10.Signal=SDMMC1_D2
PG2.Locked=true
I2C2.Timing=0x20404768
PA12.GPIOParameters=GPIO_Label
ProjectManager.functionlistsort=1-MX_GPIO_Init-GPIO-false-HAL-true,2-SystemClock_Config-RCC-false-HAL-false,3-MX_ADC1_Init-ADC1-false-HAL-true,4-MX_CAN1_Init-CAN1-false-HAL-true,5-MX_CAN2_Init-CAN2-false-HAL-true,6-MX_CAN3_Init-CAN3-false-HAL-true,7-MX_SDMMC1_SD_Init-SDMMC1-false-HAL-true,8-MX_I2C1_Init-I2C1-false-HAL-true,9-MX_I2C4_Init-I2C4-false-HAL-true,10-MX_USART1_UART_Init-USART1-false-HAL-true,11-MX_USART3_UART_Init-USART3-false-HAL-true,0-MX_CORTEX_M7_Init-CORTEX_M7-false-HAL-true
PA0/WKUP.Signal=ADCx_IN0
PC14/OSC32_IN.Mode=LSE-External-Oscillator
RCC.PLLI2SRCLKFreq_Value=192000000
RCC.USART2Freq_Value=54000000
PB13.GPIO_Label=MPIO_OUT1
PG5.GPIO_Label=EEPROM_ADDR1
PB15.Signal=USART1_RX
PF12.GPIOParameters=GPIO_Label
PD9.Mode=Asynchronous
PE5.GPIOParameters=GPIO_Label
ProjectManager.StackSize=0x400
RCC.I2C3Freq_Value=54000000
PD13.Signal=I2C4_SDA
Mcu.IP4=CORTEX_M7
Mcu.IP5=I2C2
RCC.FCLKCortexFreq_Value=216000000
PD13.Locked=true
Mcu.IP2=CAN2
Mcu.IP3=CAN3
PB4.GPIOParameters=GPIO_Label
Mcu.IP0=ADC1
PA12.Locked=true
Mcu.IP1=CAN1
PA12.Signal=GPIO_Output
PE4.GPIOParameters=GPIO_Label
Mcu.UserConstants=
RCC.SDMMCFreq_Value=48000000
Mcu.ThirdPartyNb=0
PH0/OSC_IN.Mode=HSE-External-Oscillator
PD11.GPIO_Label=MPIO_OUT4
RCC.HCLKFreq_Value=216000000
SH.ADCx_IN3.0=ADC1_IN3,IN3
Mcu.IPNb=14
RCC.PLLI2SRoutputFreq_Value=192000000
ProjectManager.PreviousToolchain=
RCC.SPDIFRXFreq_Value=192000000
PF11.GPIO_Label=MPIO_OUT7
PG8.GPIOParameters=GPIO_Label
PF12.Signal=GPIO_Output
SH.ADCx_IN3.ConfNb=1
SH.ADCx_IN7.ConfNb=1
Mcu.Pin6=PC15/OSC32_OUT
Mcu.Pin7=PF0
Mcu.Pin8=PF1
Mcu.Pin9=PH0/OSC_IN
RCC.VCOSAIOutputFreq_Value=384000000
RCC.AHBFreq_Value=216000000
Mcu.Pin0=PE2
Mcu.Pin1=PE3
GPIO.groupedBy=Group By Peripherals
Mcu.Pin2=PE4
CAN3.BS2=CAN_BS2_2TQ
Mcu.Pin3=PE5
Mcu.Pin4=PE6
PD10.GPIOParameters=GPIO_Label
Mcu.Pin5=PC14/OSC32_IN
CAN3.BS1=CAN_BS1_15TQ
ADC1.Channel-0\#ChannelRegularConversion=ADC_CHANNEL_0
RCC.HSE_VALUE=16000000
NVIC.DebugMonitor_IRQn=true\:0\:0\:false\:false\:true\:false\:false
Mcu.IP10=SYS
PA15.Mode=CAN_Activate
NVIC.SysTick_IRQn=true\:0\:0\:false\:false\:true\:false\:true
Mcu.IP12=USART3
Mcu.IP11=USART1
Mcu.IP13=USART6
RCC.VCOInputFreq_Value=2000000
PA14.Mode=Trace_Asynchronous_SW
PE8.Locked=true
CAN2.Prescaler=12
VP_SYS_VS_tim1.Mode=TIM1
PF11.Signal=GPIO_Output
PB5.Mode=CAN_Activate
File.Version=6
PE3.GPIOParameters=GPIO_Label
PE3.Locked=true
CAN3.IPParameters=CalculateTimeQuantum,CalculateTimeBit,CalculateBaudRate,Prescaler,BS1,BS2
PB8.Locked=true
SH.ADCx_IN0.0=ADC1_IN0,IN0
SH.ADCx_IN6.ConfNb=1
PF11.GPIOParameters=GPIO_Label
PH1/OSC_OUT.Mode=HSE-External-Oscillator
PE4.Signal=GPIO_Output
PE6.GPIOParameters=GPIO_Label
ProjectManager.ProjectName=evfirmware-vms
PA6.Signal=ADCx_IN6
CAN2.BS1=CAN_BS1_15TQ
CAN2.BS2=CAN_BS2_2TQ
NVIC.CAN3_RX0_IRQn=true\:5\:0\:true\:false\:true\:true\:true
PC14/OSC32_IN.Signal=RCC_OSC32_IN
ProjectManager.ToolChainLocation=
PD14.Locked=true
RCC.LSI_VALUE=32000
PA15.Signal=CAN3_TX
PG0.GPIO_Label=DIN_WS_R
PE0.GPIO_Label=P_SW2
SH.ADCx_IN1.0=ADC1_IN1,IN1
PC5.Signal=ADCx_IN15
PF0.Signal=I2C2_SDA
PE7.Signal=GPIO_Input
PF15.GPIOParameters=GPIO_Label
PE2.GPIO_Label=P_SW4
PB4.Signal=GPIO_Output
Mcu.Pin82=VP_SYS_VS_tim1
PG2.GPIO_Label=MPIO_EN5
PA3.Signal=ADCx_IN3
RCC.PLLSourceVirtual=RCC_PLLSOURCE_HSE
RCC.I2SFreq_Value=192000000
PE8.GPIOParameters=GPIO_Label
PB8.GPIOParameters=GPIO_Label
PG7.Locked=true
PD15.GPIO_Label=IMU_ADDR0
PG7.Signal=GPIO_Output
RCC.UART7Freq_Value=54000000
PB9.GPIO_Label=P_SW1
ProjectManager.NoMain=false
PG3.Signal=GPIO_Output
USART6.IPParameters=VirtualMode-Asynchronous
PG1.Signal=GPIO_Output
PC11.Signal=SDMMC1_D3
PG1.Locked=true
RCC.PLLRFreq_Value=216000000
PC8.Signal=SDMMC1_D0
PC4.Signal=ADCx_IN14
PC10.Mode=SD_4_bits_Wide_bus
ProjectManager.DefaultFWLocation=true
PD9.Signal=USART3_RX
PB12.Locked=true
ProjectManager.DeletePrevious=true
PA12.GPIO_Label=STATUS_LED
RCC.FamilyName=M
PE9.GPIOParameters=GPIO_Label
PB9.GPIOParameters=GPIO_Label
PD12.Locked=true
PG8.GPIO_Label=MPIO_EN8
USART1.VirtualMode-Asynchronous=VM_ASYNC
PA13.Signal=SYS_JTMS-SWDIO
CAN1.BS2=CAN_BS2_2TQ
CAN1.BS1=CAN_BS1_15TQ
ProjectManager.TargetToolchain=STM32CubeIDE
PE7.GPIOParameters=GPIO_Label
PF15.Locked=true
PB2.GPIOParameters=GPIO_Label
PD13.Mode=I2C
PE4.Locked=true
PE2.GPIOParameters=GPIO_Label
PG10.GPIOParameters=GPIO_Label
ProjectManager.RegisterCallBack=
PE0.Locked=true
RCC.USBFreq_Value=48000000
PD10.GPIO_Label=MPIO_EN4
RCC.PLLSAIoutputFreq_Value=192000000
PE11.Signal=GPIO_Output
PA1.Signal=ADCx_IN1
CAN3.CalculateBaudRate=250000
RCC.VCOI2SOutputFreq_Value=384000000
PD2.Mode=SD_4_bits_Wide_bus
PG9.GPIO_Label=ECU_SW_Error2
PG14.Signal=USART6_TX
RCC.PLLSAIPCLKFreq_Value=192000000
board=custom
RCC.VCOOutputFreq_Value=432000000
PG1.GPIO_Label=MPIO_EN6
PF14.GPIOParameters=GPIO_Label
PB15.Mode=Asynchronous
PD11.GPIOParameters=GPIO_Label
PH0/OSC_IN.Signal=RCC_OSC_IN
RCC.APB2Freq_Value=108000000
RCC.UART4Freq_Value=54000000
MxCube.Version=6.2.1
PG4.GPIOParameters=GPIO_Label
PD4.GPIO_Label=ECU_SW_Error1
SH.ADCx_IN2.ConfNb=1
PD4.GPIOParameters=GPIO_Label
CAN2.CalculateTimeQuantum=222.22222222222223
PF15.GPIO_Label=MPIO_OUT6
SH.ADCx_IN15.ConfNb=1
PF15.Signal=GPIO_Output
PF14.Locked=true
PD14.GPIO_Label=IMU_INT
PE5.Locked=true
PF1.Signal=I2C2_SCL
SH.ADCx_IN8.ConfNb=1
PE6.Signal=GPIO_Input
RCC.UART5Freq_Value=54000000
RCC.IPParameters=AHBFreq_Value,APB1CLKDivider,APB1Freq_Value,APB1TimFreq_Value,APB2CLKDivider,APB2Freq_Value,APB2TimFreq_Value,CECFreq_Value,CortexFreq_Value,DFSDMAudioFreq_Value,DFSDMFreq_Value,EthernetFreq_Value,FCLKCortexFreq_Value,FamilyName,HCLKFreq_Value,HSE_VALUE,HSI_VALUE,I2C1Freq_Value,I2C2Freq_Value,I2C3Freq_Value,I2C4Freq_Value,I2SFreq_Value,LCDTFTFreq_Value,LPTIM1Freq_Value,LSI_VALUE,MCO2PinFreq_Value,PLLCLKFreq_Value,PLLI2SPCLKFreq_Value,PLLI2SQCLKFreq_Value,PLLI2SRCLKFreq_Value,PLLI2SRoutputFreq_Value,PLLM,PLLN,PLLQ,PLLQCLKFreq_Value,PLLQoutputFreq_Value,PLLRFreq_Value,PLLSAIPCLKFreq_Value,PLLSAIQCLKFreq_Value,PLLSAIRCLKFreq_Value,PLLSAIoutputFreq_Value,PLLSourceVirtual,RNGFreq_Value,SAI1Freq_Value,SAI2Freq_Value,SDMMC2Freq_Value,SDMMCClockSelection,SDMMCFreq_Value,SPDIFRXFreq_Value,SYSCLKFreq_VALUE,SYSCLKSource,UART4Freq_Value,UART5Freq_Value,UART7Freq_Value,UART8Freq_Value,USART1Freq_Value,USART2Freq_Value,USART3Freq_Value,USART6Freq_Value,USBFreq_Value,VCOI2SOutputFreq_Value,VCOInputFreq_Value,VCOOutputFreq_Value,VCOSAIOutputFreq_Value
PE11.Locked=true
ProjectManager.AskForMigrate=true
Mcu.Name=STM32F767ZITx
PE0.Signal=GPIO_Output
PE7.GPIO_Label=DIN_WS_F
PD0.Mode=CAN_Activate
PA2.Signal=ADCx_IN2
PB2.Locked=true
Mcu.IP8=RCC
Mcu.IP9=SDMMC1
PD14.Signal=GPXTI14
Mcu.IP6=I2C4
Mcu.IP7=NVIC
ProjectManager.CoupleFile=false
PB3.Signal=SYS_JTDO-SWO
RCC.SYSCLKFreq_VALUE=216000000
KeepUserPlacement=false
PC15/OSC32_OUT.Mode=LSE-External-Oscillator
PA14.Signal=SYS_JTCK-SWCLK
PB2.GPIO_Label=MPIO_EN2
PF0.Mode=I2C
PF13.GPIOParameters=GPIO_Label
PC6.GPIOParameters=GPIO_Label
RCC.HSI_VALUE=16000000
RCC.PLLQ=9
ADC1.NbrOfConversionFlag=1
RCC.PLLM=8
RCC.PLLN=216
PB8.Signal=GPIO_Output
PE3.GPIO_Label=P_SW5
PC9.Signal=SDMMC1_D1
PC7.Mode=Asynchronous
PD9.Locked=true
RCC.APB1Freq_Value=54000000
ProjectManager.DeviceId=STM32F767ZITx
PB12.Signal=GPIO_Output
ProjectManager.LibraryCopy=1
I2C4.IPParameters=Timing
PE1.GPIOParameters=GPIO_Label
PA7.Signal=ADCx_IN7
isbadioc=false
