#MicroXplorer Configuration settings - do not modify
Mcu.Family=STM32F7
ProjectManager.MainLocation=Core/Src
RCC.USART1Freq_Value=100000000
RCC.SAI1Freq_Value=192000000
RCC.CortexFreq_Value=200000000
ProjectManager.KeepUserCode=true
Mcu.UserName=STM32F767ZITx
SH.ADCx_IN2.0=ADC1_IN2,IN2
RCC.PLLCLKFreq_Value=200000000
RCC.PLLQCLKFreq_Value=200000000
ProjectManager.functionlistsort=1-MX_GPIO_Init-GPIO-false-HAL-true,2-SystemClock_Config-RCC-false-HAL-false,3-MX_ADC1_Init-ADC1-false-HAL-true,0-MX_CORTEX_M7_Init-CORTEX_M7-false-HAL-true
PA0/WKUP.Signal=ADCx_IN0
PC14/OSC32_IN.Mode=LSE-External-Oscillator
RCC.PLLI2SRCLKFreq_Value=192000000
RCC.USART2Freq_Value=50000000
PinOutPanel.RotationAngle=180
RCC.SYSCLKSource=RCC_SYSCLKSOURCE_PLLCLK
ProjectManager.StackSize=0x400
RCC.LPTIM1Freq_Value=50000000
RCC.I2C3Freq_Value=50000000
Mcu.IP4=SYS
RCC.FCLKCortexFreq_Value=200000000
Mcu.IP2=NVIC
NVIC.SVCall_IRQn=true\:0\:0\:false\:false\:true\:false\:false
Mcu.IP3=RCC
Mcu.IP0=ADC1
Mcu.IP1=CORTEX_M7
Mcu.UserConstants=
RCC.LCDTFTFreq_Value=96000000
RCC.SDMMCFreq_Value=200000000
Mcu.ThirdPartyNb=0
PH0/OSC_IN.Mode=HSE-External-Oscillator
RCC.HCLKFreq_Value=200000000
RCC.I2C4Freq_Value=50000000
SH.ADCx_IN3.0=ADC1_IN3,IN3
Mcu.IPNb=5
RCC.PLLI2SRoutputFreq_Value=192000000
ProjectManager.PreviousToolchain=
RCC.APB2TimFreq_Value=200000000
RCC.SPDIFRXFreq_Value=192000000
PH1/OSC_OUT.Signal=RCC_OSC_OUT
SH.ADCx_IN3.ConfNb=1
PC3.Signal=ADCx_IN13
SH.ADCx_IN7.ConfNb=1
Mcu.Pin6=PC2
RCC.SAI2Freq_Value=192000000
Mcu.Pin7=PC3
Mcu.Pin8=PA0/WKUP
Mcu.Pin9=PA1
RCC.VCOSAIOutputFreq_Value=384000000
RCC.AHBFreq_Value=200000000
Mcu.Pin0=PC14/OSC32_IN
Mcu.Pin1=PC15/OSC32_OUT
Mcu.Pin2=PH0/OSC_IN
Mcu.Pin3=PH1/OSC_OUT
RCC.USART3Freq_Value=50000000
Mcu.Pin4=PC0
Mcu.Pin5=PC1
ADC1.Channel-0\#ChannelRegularConversion=ADC_CHANNEL_0
RCC.PLLSAIRCLKFreq_Value=192000000
ProjectManager.ProjectBuild=false
RCC.HSE_VALUE=16000000
NVIC.UsageFault_IRQn=true\:0\:0\:false\:false\:true\:false\:false
NVIC.DebugMonitor_IRQn=true\:0\:0\:false\:false\:true\:false\:false
PB3.Mode=Trace_Asynchronous_SW
NVIC.SysTick_IRQn=true\:0\:0\:false\:false\:true\:false\:true
ProjectManager.FirmwarePackage=STM32Cube FW_F7 V1.16.1
MxDb.Version=DB.6.0.21
ProjectManager.BackupPrevious=false
RCC.VCOInputFreq_Value=2000000
PA14.Mode=Trace_Asynchronous_SW
SH.ADCx_IN1.ConfNb=1
File.Version=6
SH.ADCx_IN13.ConfNb=1
SH.ADCx_IN11.ConfNb=1
SH.ADCx_IN0.0=ADC1_IN0,IN0
SH.ADCx_IN4.ConfNb=1
NVIC.PendSV_IRQn=true\:0\:0\:false\:false\:true\:false\:false
SH.ADCx_IN6.ConfNb=1
PH1/OSC_OUT.Mode=HSE-External-Oscillator
ProjectManager.HalAssertFull=false
ADC1.SamplingTime-0\#ChannelRegularConversion=ADC_SAMPLETIME_3CYCLES
ProjectManager.ProjectName=evfirmware-vms
RCC.MCO2PinFreq_Value=200000000
Mcu.Package=LQFP144
PA6.Signal=ADCx_IN6
PC14/OSC32_IN.Signal=RCC_OSC32_IN
ProjectManager.ToolChainLocation=
RCC.LSI_VALUE=32000
VP_SYS_VS_Systick.Signal=SYS_VS_Systick
RCC.DFSDMFreq_Value=100000000
RCC.APB2CLKDivider=RCC_HCLK_DIV2
SH.ADCx_IN1.0=ADC1_IN1,IN1
RCC.CECFreq_Value=32786.88524590164
RCC.APB1TimFreq_Value=100000000
NVIC.BusFault_IRQn=true\:0\:0\:false\:false\:true\:false\:false
RCC.DFSDMAudioFreq_Value=192000000
ProjectManager.CustomerFirmwarePackage=
RCC.PLLSAIQCLKFreq_Value=192000000
PA3.Signal=ADCx_IN3
RCC.PLLSourceVirtual=RCC_PLLSOURCE_HSE
RCC.I2SFreq_Value=192000000
RCC.PLLQoutputFreq_Value=200000000
ProjectManager.ProjectFileName=evfirmware-vms.ioc
SH.ADCx_IN13.0=ADC1_IN13,IN13
ADC1.Rank-0\#ChannelRegularConversion=1
RCC.UART7Freq_Value=50000000
Mcu.PinsNb=20
ProjectManager.NoMain=false
SH.ADCx_IN6.0=ADC1_IN6,IN6
ADC1.IPParameters=Rank-0\#ChannelRegularConversion,master,Channel-0\#ChannelRegularConversion,SamplingTime-0\#ChannelRegularConversion,NbrOfConversionFlag
RCC.PLLRFreq_Value=200000000
PC2.Signal=ADCx_IN12
ProjectManager.DefaultFWLocation=true
ProjectManager.DeletePrevious=true
RCC.UART8Freq_Value=50000000
PC0.Signal=ADCx_IN10
RCC.APB1CLKDivider=RCC_HCLK_DIV4
RCC.FamilyName=M
PA13.Signal=SYS_JTMS-SWDIO
SH.ADCx_IN12.0=ADC1_IN12,IN12
ProjectManager.TargetToolchain=STM32CubeIDE
RCC.USART6Freq_Value=100000000
SH.ADCx_IN7.0=ADC1_IN7,IN7
ProjectManager.RegisterCallBack=
RCC.USBFreq_Value=200000000
RCC.PLLSAIoutputFreq_Value=192000000
PA1.Signal=ADCx_IN1
RCC.VCOI2SOutputFreq_Value=384000000
PA5.Signal=ADCx_IN5
RCC.PLLSAIPCLKFreq_Value=192000000
board=custom
RCC.VCOOutputFreq_Value=400000000
ProjectManager.LastFirmware=true
PH0/OSC_IN.Signal=RCC_OSC_IN
RCC.APB2Freq_Value=100000000
RCC.UART4Freq_Value=50000000
SH.ADCx_IN11.0=ADC1_IN11,IN11
MxCube.Version=6.2.1
RCC.I2C1Freq_Value=50000000
RCC.PLLI2SPCLKFreq_Value=192000000
SH.ADCx_IN0.ConfNb=1
RCC.RNGFreq_Value=200000000
SH.ADCx_IN10.ConfNb=1
SH.ADCx_IN2.ConfNb=1
VP_SYS_VS_Systick.Mode=SysTick
RCC.EthernetFreq_Value=200000000
SH.ADCx_IN12.ConfNb=1
SH.ADCx_IN4.0=ADC1_IN4,IN4
NVIC.NonMaskableInt_IRQn=true\:0\:0\:false\:false\:true\:false\:false
RCC.UART5Freq_Value=50000000
PA13.Mode=Trace_Asynchronous_SW
ProjectManager.FreePins=false
RCC.IPParameters=AHBFreq_Value,APB1CLKDivider,APB1Freq_Value,APB1TimFreq_Value,APB2CLKDivider,APB2Freq_Value,APB2TimFreq_Value,CECFreq_Value,CortexFreq_Value,DFSDMAudioFreq_Value,DFSDMFreq_Value,EthernetFreq_Value,FCLKCortexFreq_Value,FamilyName,HCLKFreq_Value,HSE_VALUE,HSI_VALUE,I2C1Freq_Value,I2C2Freq_Value,I2C3Freq_Value,I2C4Freq_Value,I2SFreq_Value,LCDTFTFreq_Value,LPTIM1Freq_Value,LSI_VALUE,MCO2PinFreq_Value,PLLCLKFreq_Value,PLLI2SPCLKFreq_Value,PLLI2SQCLKFreq_Value,PLLI2SRCLKFreq_Value,PLLI2SRoutputFreq_Value,PLLM,PLLN,PLLQCLKFreq_Value,PLLQoutputFreq_Value,PLLRFreq_Value,PLLSAIPCLKFreq_Value,PLLSAIQCLKFreq_Value,PLLSAIRCLKFreq_Value,PLLSAIoutputFreq_Value,PLLSourceVirtual,RNGFreq_Value,SAI1Freq_Value,SAI2Freq_Value,SDMMC2Freq_Value,SDMMCFreq_Value,SPDIFRXFreq_Value,SYSCLKFreq_VALUE,SYSCLKSource,UART4Freq_Value,UART5Freq_Value,UART7Freq_Value,UART8Freq_Value,USART1Freq_Value,USART2Freq_Value,USART3Freq_Value,USART6Freq_Value,USBFreq_Value,VCOI2SOutputFreq_Value,VCOInputFreq_Value,VCOOutputFreq_Value,VCOSAIOutputFreq_Value
ProjectManager.AskForMigrate=true
Mcu.Name=STM32F767ZITx
RCC.PLLI2SQCLKFreq_Value=192000000
PA2.Signal=ADCx_IN2
ProjectManager.UnderRoot=true
ProjectManager.CoupleFile=false
PB3.Signal=SYS_JTDO-SWO
PA4.Signal=ADCx_IN4
RCC.SYSCLKFreq_VALUE=200000000
ADC1.master=1
NVIC.ForceEnableDMAVector=true
KeepUserPlacement=false
NVIC.MemoryManagement_IRQn=true\:0\:0\:false\:false\:true\:false\:false
PC15/OSC32_OUT.Mode=LSE-External-Oscillator
ProjectManager.CompilerOptimize=6
PA14.Signal=SYS_JTCK-SWCLK
SH.ADCx_IN10.0=ADC1_IN10,IN10
ProjectManager.HeapSize=0x200
Mcu.Pin15=PA7
NVIC.HardFault_IRQn=true\:0\:0\:false\:false\:true\:false\:false
Mcu.Pin16=PA13
Mcu.Pin13=PA5
Mcu.Pin14=PA6
Mcu.Pin19=VP_SYS_VS_Systick
ProjectManager.ComputerToolchain=false
Mcu.Pin17=PA14
RCC.HSI_VALUE=16000000
Mcu.Pin18=PB3
SH.ADCx_IN5.0=ADC1_IN5,IN5
NVIC.PriorityGroup=NVIC_PRIORITYGROUP_4
ADC1.NbrOfConversionFlag=1
Mcu.Pin11=PA3
Mcu.Pin12=PA4
RCC.PLLM=8
RCC.PLLN=200
Mcu.Pin10=PA2
PC15/OSC32_OUT.Signal=RCC_OSC32_OUT
SH.ADCx_IN5.ConfNb=1
RCC.I2C2Freq_Value=50000000
RCC.SDMMC2Freq_Value=200000000
RCC.APB1Freq_Value=50000000
ProjectManager.DeviceId=STM32F767ZITx
PC1.Signal=ADCx_IN11
ProjectManager.LibraryCopy=1
PA7.Signal=ADCx_IN7
isbadioc=false
