#MicroXplorer Configuration settings - do not modify
Mcu.Family=STM32F7
RCC.VCOOutputFreq_Value=192000000
NVIC.SysTick_IRQn=true\:0\:0\:false\:false\:true\:false\:true
ProjectManager.LastFirmware=true
ProjectManager.MainLocation=Core/Src
RCC.I2SFreq_Value=96000000
ProjectManager.FirmwarePackage=STM32Cube FW_F7 V1.16.1
MxDb.Version=DB.6.0.21
ProjectManager.ProjectFileName=evfirmware-vms.ioc
RCC.SAI1Freq_Value=96000000
ProjectManager.BackupPrevious=false
MxCube.Version=6.2.1
RCC.VCOInputFreq_Value=1000000
RCC.PLLI2SPCLKFreq_Value=96000000
ProjectManager.KeepUserCode=true
Mcu.UserName=STM32F767ZITx
Mcu.PinsNb=1
RCC.RNGFreq_Value=96000000
ProjectManager.NoMain=false
File.Version=6
VP_SYS_VS_Systick.Mode=SysTick
RCC.PLLCLKFreq_Value=96000000
NVIC.NonMaskableInt_IRQn=true\:0\:0\:false\:false\:true\:false\:false
RCC.PLLQCLKFreq_Value=96000000
NVIC.PendSV_IRQn=true\:0\:0\:false\:false\:true\:false\:false
ProjectManager.functionlistsort=1-SystemClock_Config-RCC-false-HAL-false,0-MX_CORTEX_M7_Init-CORTEX_M7-false-HAL-true
ProjectManager.FreePins=false
RCC.IPParameters=CECFreq_Value,DFSDMFreq_Value,FamilyName,HSE_VALUE,HSI_VALUE,I2SFreq_Value,LCDTFTFreq_Value,LSE_VALUE,LSI_VALUE,PLLCLKFreq_Value,PLLI2SPCLKFreq_Value,PLLI2SQCLKFreq_Value,PLLI2SRCLKFreq_Value,PLLQCLKFreq_Value,PLLSAIPCLKFreq_Value,PLLSAIQCLKFreq_Value,PLLSAIRCLKFreq_Value,PLLSAIoutputFreq_Value,RNGFreq_Value,SAI1Freq_Value,SAI2Freq_Value,SDMMC2Freq_Value,SDMMCFreq_Value,SPDIFRXFreq_Value,USBFreq_Value,VCOI2SOutputFreq_Value,VCOInputFreq_Value,VCOOutputFreq_Value,VCOSAIOutputFreq_Value
ProjectManager.DefaultFWLocation=true
ProjectManager.AskForMigrate=true
Mcu.Name=STM32F767ZITx
RCC.PLLI2SRCLKFreq_Value=96000000
RCC.PLLI2SQCLKFreq_Value=96000000
ProjectManager.HalAssertFull=false
ProjectManager.DeletePrevious=true
ProjectManager.ProjectName=evfirmware-vms
ProjectManager.UnderRoot=true
ProjectManager.CoupleFile=false
PinOutPanel.RotationAngle=0
Mcu.Package=LQFP144
RCC.FamilyName=M
ProjectManager.StackSize=0x400
NVIC.ForceEnableDMAVector=true
KeepUserPlacement=false
NVIC.MemoryManagement_IRQn=true\:0\:0\:false\:false\:true\:false\:false
ProjectManager.CompilerOptimize=6
NVIC.SVCall_IRQn=true\:0\:0\:false\:false\:true\:false\:false
Mcu.IP2=RCC
ProjectManager.ToolChainLocation=
RCC.LSI_VALUE=32000
Mcu.IP3=SYS
VP_SYS_VS_Systick.Signal=SYS_VS_Systick
Mcu.IP0=CORTEX_M7
Mcu.IP1=NVIC
ProjectManager.HeapSize=0x200
NVIC.HardFault_IRQn=true\:0\:0\:false\:false\:true\:false\:false
RCC.DFSDMFreq_Value=16000000
Mcu.UserConstants=
ProjectManager.TargetToolchain=STM32CubeIDE
ProjectManager.ComputerToolchain=false
RCC.HSI_VALUE=16000000
RCC.LCDTFTFreq_Value=48000000
RCC.SDMMCFreq_Value=16000000
Mcu.ThirdPartyNb=0
NVIC.PriorityGroup=NVIC_PRIORITYGROUP_4
Mcu.IPNb=4
ProjectManager.PreviousToolchain=
RCC.CECFreq_Value=32786.88524590164
RCC.SPDIFRXFreq_Value=96000000
NVIC.BusFault_IRQn=true\:0\:0\:false\:false\:true\:false\:false
RCC.SAI2Freq_Value=96000000
ProjectManager.RegisterCallBack=
RCC.USBFreq_Value=96000000
RCC.VCOSAIOutputFreq_Value=192000000
RCC.PLLSAIoutputFreq_Value=96000000
RCC.LSE_VALUE=32768
RCC.SDMMC2Freq_Value=16000000
Mcu.Pin0=VP_SYS_VS_Systick
ProjectManager.CustomerFirmwarePackage=
ProjectManager.DeviceId=STM32F767ZITx
RCC.VCOI2SOutputFreq_Value=192000000
ProjectManager.LibraryCopy=1
RCC.PLLSAIRCLKFreq_Value=96000000
ProjectManager.ProjectBuild=false
RCC.PLLSAIQCLKFreq_Value=96000000
RCC.HSE_VALUE=25000000
NVIC.UsageFault_IRQn=true\:0\:0\:false\:false\:true\:false\:false
NVIC.DebugMonitor_IRQn=true\:0\:0\:false\:false\:true\:false\:false
RCC.PLLSAIPCLKFreq_Value=96000000
board=custom
isbadioc=false
